
Microsoft Visual Studio Solution File, Format Version 12.00
# Visual Studio Version 17
VisualStudioVersion = 17.1.32328.378
MinimumVisualStudioVersion = 10.0.40219.1
Project("{8BC9CEB8-8B4A-11D0-8D11-00A0C91BC942}") = "CG2_01_01", "CG2_01_01.vcxproj", "{506C6EC1-3154-41A4-9059-6CC09E1974AF}"
EndProject
Global
	GlobalSection(SolutionConfigurationPlatforms) = preSolution
		Debug|x64 = Debug|x64
		Debug|x86 = Debug|x86
		Release|x64 = Release|x64
		Release|x86 = Release|x86
	EndGlobalSection
	GlobalSection(ProjectConfigurationPlatforms) = postSolution
		{506C6EC1-3154-41A4-9059-6CC09E1974AF}.Debug|x64.ActiveCfg = Debug|x64
		{506C6EC1-3154-41A4-9059-6CC09E1974AF}.Debug|x64.Build.0 = Debug|x64
		{506C6EC1-3154-41A4-9059-6CC09E1974AF}.Debug|x86.ActiveCfg = Debug|Win32
		{506C6EC1-3154-41A4-9059-6CC09E1974AF}.Debug|x86.Build.0 = Debug|Win32
		{506C6EC1-3154-41A4-9059-6CC09E1974AF}.Release|x64.ActiveCfg = Release|x64
		{506C6EC1-3154-41A4-9059-6CC09E1974AF}.Release|x64.Build.0 = Release|x64
		{506C6EC1-3154-41A4-9059-6CC09E1974AF}.Release|x86.ActiveCfg = Release|Win32
		{506C6EC1-3154-41A4-9059-6CC09E1974AF}.Release|x86.Build.0 = Release|Win32
	EndGlobalSection
	GlobalSection(SolutionProperties) = preSolution
		HideSolutionNode = FALSE
	EndGlobalSection
	GlobalSection(ExtensibilityGlobals) = postSolution
		SolutionGuid = {D06030E8-B0AA-4939-9FAC-07A72C630E65}
	EndGlobalSection
EndGlobal
